// !$*UTF8*$!
{
	archiveVersion = 1;
	classes = {
	};
	objectVersion = 56;
	objects = {

/* Begin PBXBuildFile section */
		5A8A5F082BFD31F000DEB242 /* BillDetail.swift in Sources */ = {isa = PBXBuildFile; fileRef = 5A8A5EFA2BFD31F000DEB242 /* BillDetail.swift */; };
		5A8A5F092BFD31F000DEB242 /* BillForm.swift in Sources */ = {isa = PBXBuildFile; fileRef = 5A8A5EFB2BFD31F000DEB242 /* BillForm.swift */; };
		5A8A5F0A2BFD31F000DEB242 /* BillsList.swift in Sources */ = {isa = PBXBuildFile; fileRef = 5A8A5EFC2BFD31F000DEB242 /* BillsList.swift */; };
		5A8A5F0B2BFD31F000DEB242 /* CategoriesList.swift in Sources */ = {isa = PBXBuildFile; fileRef = 5A8A5EFD2BFD31F000DEB242 /* CategoriesList.swift */; };
		5A8A5F0C2BFD31F000DEB242 /* CategoryForm.swift in Sources */ = {isa = PBXBuildFile; fileRef = 5A8A5EFE2BFD31F000DEB242 /* CategoryForm.swift */; };
		5A8A5F0D2BFD31F000DEB242 /* Monitor.swift in Sources */ = {isa = PBXBuildFile; fileRef = 5A8A5EFF2BFD31F000DEB242 /* Monitor.swift */; };
		5A8A5F0E2BFD31F000DEB242 /* Settings.swift in Sources */ = {isa = PBXBuildFile; fileRef = 5A8A5F002BFD31F000DEB242 /* Settings.swift */; };
		5A8A5F0F2BFD31F000DEB242 /* Welcome.swift in Sources */ = {isa = PBXBuildFile; fileRef = 5A8A5F012BFD31F000DEB242 /* Welcome.swift */; };
		5A8A5F102BFD31F000DEB242 /* Bill.swift in Sources */ = {isa = PBXBuildFile; fileRef = 5A8A5F032BFD31F000DEB242 /* Bill.swift */; };
		5A8A5F112BFD31F000DEB242 /* Category.swift in Sources */ = {isa = PBXBuildFile; fileRef = 5A8A5F042BFD31F000DEB242 /* Category.swift */; };
		5A8A5F122BFD31F000DEB242 /* Window.swift in Sources */ = {isa = PBXBuildFile; fileRef = 5A8A5F062BFD31F000DEB242 /* Window.swift */; };
		5A8A5F132BFD31F000DEB242 /* Index.swift in Sources */ = {isa = PBXBuildFile; fileRef = 5A8A5F072BFD31F000DEB242 /* Index.swift */; };
		5AA8D0B12BFD3169004C7223 /* Assets.xcassets in Resources */ = {isa = PBXBuildFile; fileRef = 5AA8D0B02BFD3169004C7223 /* Assets.xcassets */; };
		5AA8D0B52BFD3169004C7223 /* Preview Assets.xcassets in Resources */ = {isa = PBXBuildFile; fileRef = 5AA8D0B42BFD3169004C7223 /* Preview Assets.xcassets */; };
/* End PBXBuildFile section */

/* Begin PBXFileReference section */
		5A8A5EFA2BFD31F000DEB242 /* BillDetail.swift */ = {isa = PBXFileReference; fileEncoding = 4; lastKnownFileType = sourcecode.swift; path = BillDetail.swift; sourceTree = "<group>"; };
		5A8A5EFB2BFD31F000DEB242 /* BillForm.swift */ = {isa = PBXFileReference; fileEncoding = 4; lastKnownFileType = sourcecode.swift; path = BillForm.swift; sourceTree = "<group>"; };
		5A8A5EFC2BFD31F000DEB242 /* BillsList.swift */ = {isa = PBXFileReference; fileEncoding = 4; lastKnownFileType = sourcecode.swift; path = BillsList.swift; sourceTree = "<group>"; };
		5A8A5EFD2BFD31F000DEB242 /* CategoriesList.swift */ = {isa = PBXFileReference; fileEncoding = 4; lastKnownFileType = sourcecode.swift; path = CategoriesList.swift; sourceTree = "<group>"; };
		5A8A5EFE2BFD31F000DEB242 /* CategoryForm.swift */ = {isa = PBXFileReference; fileEncoding = 4; lastKnownFileType = sourcecode.swift; path = CategoryForm.swift; sourceTree = "<group>"; };
		5A8A5EFF2BFD31F000DEB242 /* Monitor.swift */ = {isa = PBXFileReference; fileEncoding = 4; lastKnownFileType = sourcecode.swift; path = Monitor.swift; sourceTree = "<group>"; };
		5A8A5F002BFD31F000DEB242 /* Settings.swift */ = {isa = PBXFileReference; fileEncoding = 4; lastKnownFileType = sourcecode.swift; path = Settings.swift; sourceTree = "<group>"; };
		5A8A5F012BFD31F000DEB242 /* Welcome.swift */ = {isa = PBXFileReference; fileEncoding = 4; lastKnownFileType = sourcecode.swift; path = Welcome.swift; sourceTree = "<group>"; };
		5A8A5F032BFD31F000DEB242 /* Bill.swift */ = {isa = PBXFileReference; fileEncoding = 4; lastKnownFileType = sourcecode.swift; path = Bill.swift; sourceTree = "<group>"; };
		5A8A5F042BFD31F000DEB242 /* Category.swift */ = {isa = PBXFileReference; fileEncoding = 4; lastKnownFileType = sourcecode.swift; path = Category.swift; sourceTree = "<group>"; };
		5A8A5F062BFD31F000DEB242 /* Window.swift */ = {isa = PBXFileReference; fileEncoding = 4; lastKnownFileType = sourcecode.swift; path = Window.swift; sourceTree = "<group>"; };
		5A8A5F072BFD31F000DEB242 /* Index.swift */ = {isa = PBXFileReference; fileEncoding = 4; lastKnownFileType = sourcecode.swift; path = Index.swift; sourceTree = "<group>"; };
		5AA8D0A92BFD3168004C7223 /* Budgeting.app */ = {isa = PBXFileReference; explicitFileType = wrapper.application; includeInIndex = 0; path = Budgeting.app; sourceTree = BUILT_PRODUCTS_DIR; };
		5AA8D0B02BFD3169004C7223 /* Assets.xcassets */ = {isa = PBXFileReference; lastKnownFileType = folder.assetcatalog; path = Assets.xcassets; sourceTree = "<group>"; };
		5AA8D0B22BFD3169004C7223 /* Budgeting.entitlements */ = {isa = PBXFileReference; lastKnownFileType = text.plist.entitlements; path = Budgeting.entitlements; sourceTree = "<group>"; };
		5AA8D0B42BFD3169004C7223 /* Preview Assets.xcassets */ = {isa = PBXFileReference; lastKnownFileType = folder.assetcatalog; path = "Preview Assets.xcassets"; sourceTree = "<group>"; };
/* End PBXFileReference section */

/* Begin PBXFrameworksBuildPhase section */
		5AA8D0A62BFD3168004C7223 /* Frameworks */ = {
			isa = PBXFrameworksBuildPhase;
			buildActionMask = 2147483647;
			files = (
			);
			runOnlyForDeploymentPostprocessing = 0;
		};
/* End PBXFrameworksBuildPhase section */

/* Begin PBXGroup section */
		5A8A5F022BFD31F000DEB242 /* Views */ = {
			isa = PBXGroup;
			children = (
				5A8A5EFA2BFD31F000DEB242 /* BillDetail.swift */,
				5A8A5EFB2BFD31F000DEB242 /* BillForm.swift */,
				5A8A5EFC2BFD31F000DEB242 /* BillsList.swift */,
				5A8A5EFD2BFD31F000DEB242 /* CategoriesList.swift */,
				5A8A5EFE2BFD31F000DEB242 /* CategoryForm.swift */,
				5A8A5EFF2BFD31F000DEB242 /* Monitor.swift */,
				5A8A5F002BFD31F000DEB242 /* Settings.swift */,
				5A8A5F012BFD31F000DEB242 /* Welcome.swift */,
			);
			path = Views;
			sourceTree = "<group>";
		};
		5A8A5F052BFD31F000DEB242 /* Models */ = {
			isa = PBXGroup;
			children = (
				5A8A5F032BFD31F000DEB242 /* Bill.swift */,
				5A8A5F042BFD31F000DEB242 /* Category.swift */,
			);
			path = Models;
			sourceTree = "<group>";
		};
		5AA8D0A02BFD3167004C7223 = {
			isa = PBXGroup;
			children = (
				5AA8D0AB2BFD3168004C7223 /* Budgeting */,
				5AA8D0AA2BFD3168004C7223 /* Products */,
			);
			sourceTree = "<group>";
		};
		5AA8D0AA2BFD3168004C7223 /* Products */ = {
			isa = PBXGroup;
			children = (
				5AA8D0A92BFD3168004C7223 /* Budgeting.app */,
			);
			name = Products;
			sourceTree = "<group>";
		};
		5AA8D0AB2BFD3168004C7223 /* Budgeting */ = {
			isa = PBXGroup;
			children = (
				5A8A5F072BFD31F000DEB242 /* Index.swift */,
				5A8A5F062BFD31F000DEB242 /* Window.swift */,
				5A8A5F052BFD31F000DEB242 /* Models */,
				5A8A5F022BFD31F000DEB242 /* Views */,
				5AA8D0B02BFD3169004C7223 /* Assets.xcassets */,
				5AA8D0B22BFD3169004C7223 /* Budgeting.entitlements */,
				5AA8D0B32BFD3169004C7223 /* Preview Content */,
			);
			path = Budgeting;
			sourceTree = "<group>";
		};
		5AA8D0B32BFD3169004C7223 /* Preview Content */ = {
			isa = PBXGroup;
			children = (
				5AA8D0B42BFD3169004C7223 /* Preview Assets.xcassets */,
			);
			path = "Preview Content";
			sourceTree = "<group>";
		};
/* End PBXGroup section */

/* Begin PBXNativeTarget section */
		5AA8D0A82BFD3168004C7223 /* Budgeting */ = {
			isa = PBXNativeTarget;
			buildConfigurationList = 5AA8D0B82BFD3169004C7223 /* Build configuration list for PBXNativeTarget "Budgeting" */;
			buildPhases = (
				5AA8D0A52BFD3168004C7223 /* Sources */,
				5AA8D0A62BFD3168004C7223 /* Frameworks */,
				5AA8D0A72BFD3168004C7223 /* Resources */,
			);
			buildRules = (
			);
			dependencies = (
			);
			name = Budgeting;
			productName = Budgeting;
			productReference = 5AA8D0A92BFD3168004C7223 /* Budgeting.app */;
			productType = "com.apple.product-type.application";
		};
/* End PBXNativeTarget section */

/* Begin PBXProject section */
		5AA8D0A12BFD3167004C7223 /* Project object */ = {
			isa = PBXProject;
			attributes = {
				BuildIndependentTargetsInParallel = 1;
				LastSwiftUpdateCheck = 1530;
				LastUpgradeCheck = 1530;
				TargetAttributes = {
					5AA8D0A82BFD3168004C7223 = {
						CreatedOnToolsVersion = 15.3;
						LastSwiftMigration = 1530;
					};
				};
			};
			buildConfigurationList = 5AA8D0A42BFD3167004C7223 /* Build configuration list for PBXProject "Budgeting" */;
			compatibilityVersion = "Xcode 14.0";
			developmentRegion = en;
			hasScannedForEncodings = 0;
			knownRegions = (
				en,
				Base,
			);
			mainGroup = 5AA8D0A02BFD3167004C7223;
			productRefGroup = 5AA8D0AA2BFD3168004C7223 /* Products */;
			projectDirPath = "";
			projectRoot = "";
			targets = (
				5AA8D0A82BFD3168004C7223 /* Budgeting */,
			);
		};
/* End PBXProject section */

/* Begin PBXResourcesBuildPhase section */
		5AA8D0A72BFD3168004C7223 /* Resources */ = {
			isa = PBXResourcesBuildPhase;
			buildActionMask = 2147483647;
			files = (
				5AA8D0B52BFD3169004C7223 /* Preview Assets.xcassets in Resources */,
				5AA8D0B12BFD3169004C7223 /* Assets.xcassets in Resources */,
			);
			runOnlyForDeploymentPostprocessing = 0;
		};
/* End PBXResourcesBuildPhase section */

/* Begin PBXSourcesBuildPhase section */
		5AA8D0A52BFD3168004C7223 /* Sources */ = {
			isa = PBXSourcesBuildPhase;
			buildActionMask = 2147483647;
			files = (
				5A8A5F092BFD31F000DEB242 /* BillForm.swift in Sources */,
				5A8A5F112BFD31F000DEB242 /* Category.swift in Sources */,
				5A8A5F132BFD31F000DEB242 /* Index.swift in Sources */,
				5A8A5F0C2BFD31F000DEB242 /* CategoryForm.swift in Sources */,
				5A8A5F0B2BFD31F000DEB242 /* CategoriesList.swift in Sources */,
				5A8A5F0A2BFD31F000DEB242 /* BillsList.swift in Sources */,
				5A8A5F0F2BFD31F000DEB242 /* Welcome.swift in Sources */,
				5A8A5F0E2BFD31F000DEB242 /* Settings.swift in Sources */,
				5A8A5F0D2BFD31F000DEB242 /* Monitor.swift in Sources */,
				5A8A5F102BFD31F000DEB242 /* Bill.swift in Sources */,
				5A8A5F082BFD31F000DEB242 /* BillDetail.swift in Sources */,
				5A8A5F122BFD31F000DEB242 /* Window.swift in Sources */,
			);
			runOnlyForDeploymentPostprocessing = 0;
		};
/* End PBXSourcesBuildPhase section */

/* Begin XCBuildConfiguration section */
		5AA8D0B62BFD3169004C7223 /* Debug */ = {
			isa = XCBuildConfiguration;
			buildSettings = {
				ALWAYS_SEARCH_USER_PATHS = NO;
				ASSETCATALOG_COMPILER_GENERATE_SWIFT_ASSET_SYMBOL_EXTENSIONS = YES;
				CLANG_ANALYZER_NONNULL = YES;
				CLANG_ANALYZER_NUMBER_OBJECT_CONVERSION = YES_AGGRESSIVE;
				CLANG_CXX_LANGUAGE_STANDARD = "gnu++20";
				CLANG_ENABLE_MODULES = YES;
				CLANG_ENABLE_OBJC_ARC = YES;
				CLANG_ENABLE_OBJC_WEAK = YES;
				CLANG_WARN_BLOCK_CAPTURE_AUTORELEASING = YES;
				CLANG_WARN_BOOL_CONVERSION = YES;
				CLANG_WARN_COMMA = YES;
				CLANG_WARN_CONSTANT_CONVERSION = YES;
				CLANG_WARN_DEPRECATED_OBJC_IMPLEMENTATIONS = YES;
				CLANG_WARN_DIRECT_OBJC_ISA_USAGE = YES_ERROR;
				CLANG_WARN_DOCUMENTATION_COMMENTS = YES;
				CLANG_WARN_EMPTY_BODY = YES;
				CLANG_WARN_ENUM_CONVERSION = YES;
				CLANG_WARN_INFINITE_RECURSION = YES;
				CLANG_WARN_INT_CONVERSION = YES;
				CLANG_WARN_NON_LITERAL_NULL_CONVERSION = YES;
				CLANG_WARN_OBJC_IMPLICIT_RETAIN_SELF = YES;
				CLANG_WARN_OBJC_LITERAL_CONVERSION = YES;
				CLANG_WARN_OBJC_ROOT_CLASS = YES_ERROR;
				CLANG_WARN_QUOTED_INCLUDE_IN_FRAMEWORK_HEADER = YES;
				CLANG_WARN_RANGE_LOOP_ANALYSIS = YES;
				CLANG_WARN_STRICT_PROTOTYPES = YES;
				CLANG_WARN_SUSPICIOUS_MOVE = YES;
				CLANG_WARN_UNGUARDED_AVAILABILITY = YES_AGGRESSIVE;
				CLANG_WARN_UNREACHABLE_CODE = YES;
				CLANG_WARN__DUPLICATE_METHOD_MATCH = YES;
				COPY_PHASE_STRIP = NO;
				DEBUG_INFORMATION_FORMAT = dwarf;
				ENABLE_STRICT_OBJC_MSGSEND = YES;
				ENABLE_TESTABILITY = YES;
				ENABLE_USER_SCRIPT_SANDBOXING = YES;
				GCC_C_LANGUAGE_STANDARD = gnu17;
				GCC_DYNAMIC_NO_PIC = NO;
				GCC_NO_COMMON_BLOCKS = YES;
				GCC_OPTIMIZATION_LEVEL = 0;
				GCC_PREPROCESSOR_DEFINITIONS = (
					"DEBUG=1",
					"$(inherited)",
				);
				GCC_WARN_64_TO_32_BIT_CONVERSION = YES;
				GCC_WARN_ABOUT_RETURN_TYPE = YES_ERROR;
				GCC_WARN_UNDECLARED_SELECTOR = YES;
				GCC_WARN_UNINITIALIZED_AUTOS = YES_AGGRESSIVE;
				GCC_WARN_UNUSED_FUNCTION = YES;
				GCC_WARN_UNUSED_VARIABLE = YES;
				LOCALIZATION_PREFERS_STRING_CATALOGS = YES;
				MTL_ENABLE_DEBUG_INFO = INCLUDE_SOURCE;
				MTL_FAST_MATH = YES;
				ONLY_ACTIVE_ARCH = YES;
				SWIFT_ACTIVE_COMPILATION_CONDITIONS = "DEBUG $(inherited)";
				SWIFT_OPTIMIZATION_LEVEL = "-Onone";
			};
			name = Debug;
		};
		5AA8D0B72BFD3169004C7223 /* Release */ = {
			isa = XCBuildConfiguration;
			buildSettings = {
				ALWAYS_SEARCH_USER_PATHS = NO;
				ASSETCATALOG_COMPILER_GENERATE_SWIFT_ASSET_SYMBOL_EXTENSIONS = YES;
				CLANG_ANALYZER_NONNULL = YES;
				CLANG_ANALYZER_NUMBER_OBJECT_CONVERSION = YES_AGGRESSIVE;
				CLANG_CXX_LANGUAGE_STANDARD = "gnu++20";
				CLANG_ENABLE_MODULES = YES;
				CLANG_ENABLE_OBJC_ARC = YES;
				CLANG_ENABLE_OBJC_WEAK = YES;
				CLANG_WARN_BLOCK_CAPTURE_AUTORELEASING = YES;
				CLANG_WARN_BOOL_CONVERSION = YES;
				CLANG_WARN_COMMA = YES;
				CLANG_WARN_CONSTANT_CONVERSION = YES;
				CLANG_WARN_DEPRECATED_OBJC_IMPLEMENTATIONS = YES;
				CLANG_WARN_DIRECT_OBJC_ISA_USAGE = YES_ERROR;
				CLANG_WARN_DOCUMENTATION_COMMENTS = YES;
				CLANG_WARN_EMPTY_BODY = YES;
				CLANG_WARN_ENUM_CONVERSION = YES;
				CLANG_WARN_INFINITE_RECURSION = YES;
				CLANG_WARN_INT_CONVERSION = YES;
				CLANG_WARN_NON_LITERAL_NULL_CONVERSION = YES;
				CLANG_WARN_OBJC_IMPLICIT_RETAIN_SELF = YES;
				CLANG_WARN_OBJC_LITERAL_CONVERSION = YES;
				CLANG_WARN_OBJC_ROOT_CLASS = YES_ERROR;
				CLANG_WARN_QUOTED_INCLUDE_IN_FRAMEWORK_HEADER = YES;
				CLANG_WARN_RANGE_LOOP_ANALYSIS = YES;
				CLANG_WARN_STRICT_PROTOTYPES = YES;
				CLANG_WARN_SUSPICIOUS_MOVE = YES;
				CLANG_WARN_UNGUARDED_AVAILABILITY = YES_AGGRESSIVE;
				CLANG_WARN_UNREACHABLE_CODE = YES;
				CLANG_WARN__DUPLICATE_METHOD_MATCH = YES;
				COPY_PHASE_STRIP = NO;
				DEBUG_INFORMATION_FORMAT = "dwarf-with-dsym";
				ENABLE_NS_ASSERTIONS = NO;
				ENABLE_STRICT_OBJC_MSGSEND = YES;
				ENABLE_USER_SCRIPT_SANDBOXING = YES;
				GCC_C_LANGUAGE_STANDARD = gnu17;
				GCC_NO_COMMON_BLOCKS = YES;
				GCC_WARN_64_TO_32_BIT_CONVERSION = YES;
				GCC_WARN_ABOUT_RETURN_TYPE = YES_ERROR;
				GCC_WARN_UNDECLARED_SELECTOR = YES;
				GCC_WARN_UNINITIALIZED_AUTOS = YES_AGGRESSIVE;
				GCC_WARN_UNUSED_FUNCTION = YES;
				GCC_WARN_UNUSED_VARIABLE = YES;
				LOCALIZATION_PREFERS_STRING_CATALOGS = YES;
				MTL_ENABLE_DEBUG_INFO = NO;
				MTL_FAST_MATH = YES;
				SWIFT_COMPILATION_MODE = wholemodule;
			};
			name = Release;
		};
		5AA8D0B92BFD3169004C7223 /* Debug */ = {
			isa = XCBuildConfiguration;
			buildSettings = {
				ASSETCATALOG_COMPILER_APPICON_NAME = AppIcon;
				ASSETCATALOG_COMPILER_GLOBAL_ACCENT_COLOR_NAME = AccentColor;
				CLANG_ENABLE_MODULES = YES;
				CODE_SIGN_ENTITLEMENTS = Budgeting/Budgeting.entitlements;
				CODE_SIGN_STYLE = Automatic;
				CURRENT_PROJECT_VERSION = 1;
				DEVELOPMENT_ASSET_PATHS = "\"Budgeting/Preview Content\"";
				DEVELOPMENT_TEAM = 226428LVP2;
				ENABLE_HARDENED_RUNTIME = YES;
				ENABLE_PREVIEWS = YES;
				GENERATE_INFOPLIST_FILE = YES;
				"INFOPLIST_KEY_UIApplicationSceneManifest_Generation[sdk=iphoneos*]" = YES;
				"INFOPLIST_KEY_UIApplicationSceneManifest_Generation[sdk=iphonesimulator*]" = YES;
				"INFOPLIST_KEY_UIApplicationSupportsIndirectInputEvents[sdk=iphoneos*]" = YES;
				"INFOPLIST_KEY_UIApplicationSupportsIndirectInputEvents[sdk=iphonesimulator*]" = YES;
				"INFOPLIST_KEY_UILaunchScreen_Generation[sdk=iphoneos*]" = YES;
				"INFOPLIST_KEY_UILaunchScreen_Generation[sdk=iphonesimulator*]" = YES;
				"INFOPLIST_KEY_UIStatusBarStyle[sdk=iphoneos*]" = UIStatusBarStyleDefault;
				"INFOPLIST_KEY_UIStatusBarStyle[sdk=iphonesimulator*]" = UIStatusBarStyleDefault;
				INFOPLIST_KEY_UISupportedInterfaceOrientations_iPad = "UIInterfaceOrientationPortrait UIInterfaceOrientationPortraitUpsideDown UIInterfaceOrientationLandscapeLeft UIInterfaceOrientationLandscapeRight";
				INFOPLIST_KEY_UISupportedInterfaceOrientations_iPhone = "UIInterfaceOrientationPortrait UIInterfaceOrientationLandscapeLeft UIInterfaceOrientationLandscapeRight";
				IPHONEOS_DEPLOYMENT_TARGET = 17.4;
				LD_RUNPATH_SEARCH_PATHS = "@executable_path/Frameworks";
				"LD_RUNPATH_SEARCH_PATHS[sdk=macosx*]" = "@executable_path/../Frameworks";
				MACOSX_DEPLOYMENT_TARGET = 14.1;
				MARKETING_VERSION = 1.0;
				PRODUCT_BUNDLE_IDENTIFIER = com.dev.Budgeting;
				PRODUCT_NAME = "$(TARGET_NAME)";
				SDKROOT = auto;
				SUPPORTED_PLATFORMS = "iphoneos iphonesimulator macosx";
				SWIFT_EMIT_LOC_STRINGS = YES;
				SWIFT_OPTIMIZATION_LEVEL = "-Onone";
				SWIFT_VERSION = 5.0;
				TARGETED_DEVICE_FAMILY = "1,2";
			};
			name = Debug;
		};
		5AA8D0BA2BFD3169004C7223 /* Release */ = {
			isa = XCBuildConfiguration;
			buildSettings = {
				ASSETCATALOG_COMPILER_APPICON_NAME = AppIcon;
				ASSETCATALOG_COMPILER_GLOBAL_ACCENT_COLOR_NAME = AccentColor;
				CLANG_ENABLE_MODULES = YES;
				CODE_SIGN_ENTITLEMENTS = Budgeting/Budgeting.entitlements;
				CODE_SIGN_STYLE = Automatic;
				CURRENT_PROJECT_VERSION = 1;
				DEVELOPMENT_ASSET_PATHS = "\"Budgeting/Preview Content\"";
				DEVELOPMENT_TEAM = 226428LVP2;
				ENABLE_HARDENED_RUNTIME = YES;
				ENABLE_PREVIEWS = YES;
				GENERATE_INFOPLIST_FILE = YES;
				"INFOPLIST_KEY_UIApplicationSceneManifest_Generation[sdk=iphoneos*]" = YES;
				"INFOPLIST_KEY_UIApplicationSceneManifest_Generation[sdk=iphonesimulator*]" = YES;
				"INFOPLIST_KEY_UIApplicationSupportsIndirectInputEvents[sdk=iphoneos*]" = YES;
				"INFOPLIST_KEY_UIApplicationSupportsIndirectInputEvents[sdk=iphonesimulator*]" = YES;
				"INFOPLIST_KEY_UILaunchScreen_Generation[sdk=iphoneos*]" = YES;
				"INFOPLIST_KEY_UILaunchScreen_Generation[sdk=iphonesimulator*]" = YES;
				"INFOPLIST_KEY_UIStatusBarStyle[sdk=iphoneos*]" = UIStatusBarStyleDefault;
				"INFOPLIST_KEY_UIStatusBarStyle[sdk=iphonesimulator*]" = UIStatusBarStyleDefault;
				INFOPLIST_KEY_UISupportedInterfaceOrientations_iPad = "UIInterfaceOrientationPortrait UIInterfaceOrientationPortraitUpsideDown UIInterfaceOrientationLandscapeLeft UIInterfaceOrientationLandscapeRight";
				INFOPLIST_KEY_UISupportedInterfaceOrientations_iPhone = "UIInterfaceOrientationPortrait UIInterfaceOrientationLandscapeLeft UIInterfaceOrientationLandscapeRight";
				IPHONEOS_DEPLOYMENT_TARGET = 17.4;
				LD_RUNPATH_SEARCH_PATHS = "@executable_path/Frameworks";
				"LD_RUNPATH_SEARCH_PATHS[sdk=macosx*]" = "@executable_path/../Frameworks";
				MACOSX_DEPLOYMENT_TARGET = 14.1;
				MARKETING_VERSION = 1.0;
				PRODUCT_BUNDLE_IDENTIFIER = com.dev.Budgeting;
				PRODUCT_NAME = "$(TARGET_NAME)";
				SDKROOT = auto;
				SUPPORTED_PLATFORMS = "iphoneos iphonesimulator macosx";
				SWIFT_EMIT_LOC_STRINGS = YES;
				SWIFT_VERSION = 5.0;
				TARGETED_DEVICE_FAMILY = "1,2";
			};
			name = Release;
		};
/* End XCBuildConfiguration section */

/* Begin XCConfigurationList section */
		5AA8D0A42BFD3167004C7223 /* Build configuration list for PBXProject "Budgeting" */ = {
			isa = XCConfigurationList;
			buildConfigurations = (
				5AA8D0B62BFD3169004C7223 /* Debug */,
				5AA8D0B72BFD3169004C7223 /* Release */,
			);
			defaultConfigurationIsVisible = 0;
			defaultConfigurationName = Release;
		};
		5AA8D0B82BFD3169004C7223 /* Build configuration list for PBXNativeTarget "Budgeting" */ = {
			isa = XCConfigurationList;
			buildConfigurations = (
				5AA8D0B92BFD3169004C7223 /* Debug */,
				5AA8D0BA2BFD3169004C7223 /* Release */,
			);
			defaultConfigurationIsVisible = 0;
			defaultConfigurationName = Release;
		};
/* End XCConfigurationList section */
	};
	rootObject = 5AA8D0A12BFD3167004C7223 /* Project object */;
}
